# This file is automatically @generated by Cargo.
# It is not intended for manual editing.
version = 3

[[package]]
name = "log"
version = "0.4.21"
source = "registry+https://github.com/rust-lang/crates.io-index"
checksum = "90ed8c1e510134f979dbc4f070f87d4313098b704861a105fe34231c70a3901c"

[[package]]
name = "my_optimizer"
version = "0.1.0"
dependencies = [
 "sqlparser",
]

[[package]]
name = "sqlparser"
version = "0.45.0"
source = "registry+https://github.com/rust-lang/crates.io-index"
checksum = "f7bbffee862a796d67959a89859d6b1046bb5016d63e23835ad0da182777bbe0"
dependencies = [
 "log",
]
